# THIS IS AN AUTOGENERATED FILE. DO NOT EDIT THIS FILE DIRECTLY.
# yarn lockfile v1


lodash.get@^4.4.2:
  version "4.4.2"
  resolved "https://registry.yarnpkg.com/lodash.get/-/lodash.get-4.4.2.tgz#2d177f652fa31e939b4438d5341499dfa3825e99"
  integrity sha1-LRd/ZS+jHpObRDjVNBSZ36OCXpk=

lodash.set@^4.3.2:
  version "4.3.2"
  resolved "https://registry.yarnpkg.com/lodash.set/-/lodash.set-4.3.2.tgz#d8757b1da807dde24816b0d6a84bea1a76230b23"
  integrity sha1-2HV7HagH3eJIFrDWqEvqGnYjCyM=

mkdirp@^1.0.4:
  version "1.0.4"
  resolved "https://registry.yarnpkg.com/mkdirp/-/mkdirp-1.0.4.tgz#3eb5ed62622756d79a5f0e2a221dfebad75c2f7e"
  integrity sha512-vVqVZQyf3WLx2Shd0qJ9xuvqgAyKPLAiqITEtqW0oIUjzo3PePDd6fW9iFz30ef7Ysp/oiWqbhszeGWW2T6Gzw==

uglify-js@^3.13.9:
  version "3.14.1"
  resolved "https://registry.yarnpkg.com/uglify-js/-/uglify-js-3.14.1.tgz#e2cb9fe34db9cb4cf7e35d1d26dfea28e09a7d06"
  integrity sha512-JhS3hmcVaXlp/xSo3PKY5R0JqKs5M3IV+exdLHW99qKvKivPO4Z8qbej6mte17SOPqAOVMjt/XGgWacnFSzM3g==
